
Microsoft Visual Studio Solution File, Format Version 12.00
# Visual Studio Version 17
VisualStudioVersion = 17.9.34607.119
MinimumVisualStudioVersion = 10.0.40219.1
Project("{FAE04EC0-301F-11D3-BF4B-00C04F79EFBC}") = "Productos_ORM", "Productos_ORM\Productos_ORM.csproj", "{9255F8E6-525C-47CB-BD71-B18BF854BF96}"
EndProject
Global
	GlobalSection(SolutionConfigurationPlatforms) = preSolution
		Debug|Any CPU = Debug|Any CPU
		Release|Any CPU = Release|Any CPU
	EndGlobalSection
	GlobalSection(ProjectConfigurationPlatforms) = postSolution
		{9255F8E6-525C-47CB-BD71-B18BF854BF96}.Debug|Any CPU.ActiveCfg = Debug|Any CPU
		{9255F8E6-525C-47CB-BD71-B18BF854BF96}.Debug|Any CPU.Build.0 = Debug|Any CPU
		{9255F8E6-525C-47CB-BD71-B18BF854BF96}.Release|Any CPU.ActiveCfg = Release|Any CPU
		{9255F8E6-525C-47CB-BD71-B18BF854BF96}.Release|Any CPU.Build.0 = Release|Any CPU
	EndGlobalSection
	GlobalSection(SolutionProperties) = preSolution
		HideSolutionNode = FALSE
	EndGlobalSection
	GlobalSection(ExtensibilityGlobals) = postSolution
		SolutionGuid = {8DD0804F-B258-4B25-8902-3E7A97A74D79}
	EndGlobalSection
EndGlobal
